
Microsoft Visual Studio Solution File, Format Version 12.00
# Visual Studio 15
VisualStudioVersion = 15.0.28307.539
MinimumVisualStudioVersion = 10.0.40219.1
Project("{F184B08F-C81C-45F6-A57F-5ABD9991F28F}") = "taller_autos", "taller_autos\taller_autos.vbproj", "{EE64ABC4-EADE-4EB7-92FC-B89E4DF8F318}"
EndProject
Global
	GlobalSection(SolutionConfigurationPlatforms) = preSolution
		Debug|Any CPU = Debug|Any CPU
		Release|Any CPU = Release|Any CPU
	EndGlobalSection
	GlobalSection(ProjectConfigurationPlatforms) = postSolution
		{EE64ABC4-EADE-4EB7-92FC-B89E4DF8F318}.Debug|Any CPU.ActiveCfg = Debug|Any CPU
		{EE64ABC4-EADE-4EB7-92FC-B89E4DF8F318}.Debug|Any CPU.Build.0 = Debug|Any CPU
		{EE64ABC4-EADE-4EB7-92FC-B89E4DF8F318}.Release|Any CPU.ActiveCfg = Release|Any CPU
		{EE64ABC4-EADE-4EB7-92FC-B89E4DF8F318}.Release|Any CPU.Build.0 = Release|Any CPU
	EndGlobalSection
	GlobalSection(SolutionProperties) = preSolution
		HideSolutionNode = FALSE
	EndGlobalSection
	GlobalSection(ExtensibilityGlobals) = postSolution
		SolutionGuid = {11E80EF3-C3A0-4CC0-BEE2-7BE48C4D29B0}
	EndGlobalSection
EndGlobal
